
Microsoft Visual Studio Solution File, Format Version 12.00
Project("{FAE04EC0-301F-11D3-BF4B-00C04F79EFBC}") = "CorrectionCalculator", "CorrectionCalculator\CorrectionCalculator.csproj", "{F25E946B-8E75-474D-B941-63394D8491CB}"
EndProject
Global
	GlobalSection(SolutionConfigurationPlatforms) = preSolution
		Debug|Any CPU = Debug|Any CPU
		Release|Any CPU = Release|Any CPU
	EndGlobalSection
	GlobalSection(ProjectConfigurationPlatforms) = postSolution
		{F25E946B-8E75-474D-B941-63394D8491CB}.Debug|Any CPU.ActiveCfg = Debug|Any CPU
		{F25E946B-8E75-474D-B941-63394D8491CB}.Debug|Any CPU.Build.0 = Debug|Any CPU
		{F25E946B-8E75-474D-B941-63394D8491CB}.Release|Any CPU.ActiveCfg = Release|Any CPU
		{F25E946B-8E75-474D-B941-63394D8491CB}.Release|Any CPU.Build.0 = Release|Any CPU
	EndGlobalSection
EndGlobal
